// !$*UTF8*$!
{
	archiveVersion = 1;
	classes = {
	};
	objectVersion = 77;
	objects = {

/* Begin PBXContainerItemProxy section */
		78B5F92D2CC19D1F0002B682 /* PBXContainerItemProxy */ = {
			isa = PBXContainerItemProxy;
			containerPortal = 78B5F9132CC19D1E0002B682 /* Project object */;
			proxyType = 1;
			remoteGlobalIDString = 78B5F91A2CC19D1E0002B682;
			remoteInfo = "Json Assignment";
		};
		78B5F9372CC19D1F0002B682 /* PBXContainerItemProxy */ = {
			isa = PBXContainerItemProxy;
			containerPortal = 78B5F9132CC19D1E0002B682 /* Project object */;
			proxyType = 1;
			remoteGlobalIDString = 78B5F91A2CC19D1E0002B682;
			remoteInfo = "Json Assignment";
		};
/* End PBXContainerItemProxy section */

/* Begin PBXFileReference section */
		78B5F91B2CC19D1E0002B682 /* Json Assignment.app */ = {isa = PBXFileReference; explicitFileType = wrapper.application; includeInIndex = 0; path = "Json Assignment.app"; sourceTree = BUILT_PRODUCTS_DIR; };
		78B5F92C2CC19D1F0002B682 /* Json AssignmentTests.xctest */ = {isa = PBXFileReference; explicitFileType = wrapper.cfbundle; includeInIndex = 0; path = "Json AssignmentTests.xctest"; sourceTree = BUILT_PRODUCTS_DIR; };
		78B5F9362CC19D1F0002B682 /* Json AssignmentUITests.xctest */ = {isa = PBXFileReference; explicitFileType = wrapper.cfbundle; includeInIndex = 0; path = "Json AssignmentUITests.xctest"; sourceTree = BUILT_PRODUCTS_DIR; };
/* End PBXFileReference section */

/* Begin PBXFileSystemSynchronizedRootGroup section */
		78B5F91D2CC19D1E0002B682 /* Json Assignment */ = {
			isa = PBXFileSystemSynchronizedRootGroup;
			path = "Json Assignment";
			sourceTree = "<group>";
		};
		78B5F92F2CC19D1F0002B682 /* Json AssignmentTests */ = {
			isa = PBXFileSystemSynchronizedRootGroup;
			path = "Json AssignmentTests";
			sourceTree = "<group>";
		};
		78B5F9392CC19D1F0002B682 /* Json AssignmentUITests */ = {
			isa = PBXFileSystemSynchronizedRootGroup;
			path = "Json AssignmentUITests";
			sourceTree = "<group>";
		};
/* End PBXFileSystemSynchronizedRootGroup section */

/* Begin PBXFrameworksBuildPhase section */
		78B5F9182CC19D1E0002B682 /* Frameworks */ = {
			isa = PBXFrameworksBuildPhase;
			buildActionMask = 2147483647;
			files = (
			);
			runOnlyForDeploymentPostprocessing = 0;
		};
		78B5F9292CC19D1F0002B682 /* Frameworks */ = {
			isa = PBXFrameworksBuildPhase;
			buildActionMask = 2147483647;
			files = (
			);
			runOnlyForDeploymentPostprocessing = 0;
		};
		78B5F9332CC19D1F0002B682 /* Frameworks */ = {
			isa = PBXFrameworksBuildPhase;
			buildActionMask = 2147483647;
			files = (
			);
			runOnlyForDeploymentPostprocessing = 0;
		};
/* End PBXFrameworksBuildPhase section */

/* Begin PBXGroup section */
		78B5F9122CC19D1E0002B682 = {
			isa = PBXGroup;
			children = (
				78B5F91D2CC19D1E0002B682 /* Json Assignment */,
				78B5F92F2CC19D1F0002B682 /* Json AssignmentTests */,
				78B5F9392CC19D1F0002B682 /* Json AssignmentUITests */,
				78B5F91C2CC19D1E0002B682 /* Products */,
			);
			sourceTree = "<group>";
		};
		78B5F91C2CC19D1E0002B682 /* Products */ = {
			isa = PBXGroup;
			children = (
				78B5F91B2CC19D1E0002B682 /* Json Assignment.app */,
				78B5F92C2CC19D1F0002B682 /* Json AssignmentTests.xctest */,
				78B5F9362CC19D1F0002B682 /* Json AssignmentUITests.xctest */,
			);
			name = Products;
			sourceTree = "<group>";
		};
/* End PBXGroup section */

/* Begin PBXNativeTarget section */
		78B5F91A2CC19D1E0002B682 /* Json Assignment */ = {
			isa = PBXNativeTarget;
			buildConfigurationList = 78B5F9402CC19D1F0002B682 /* Build configuration list for PBXNativeTarget "Json Assignment" */;
			buildPhases = (
				78B5F9172CC19D1E0002B682 /* Sources */,
				78B5F9182CC19D1E0002B682 /* Frameworks */,
				78B5F9192CC19D1E0002B682 /* Resources */,
			);
			buildRules = (
			);
			dependencies = (
			);
			fileSystemSynchronizedGroups = (
				78B5F91D2CC19D1E0002B682 /* Json Assignment */,
			);
			name = "Json Assignment";
			packageProductDependencies = (
			);
			productName = "Json Assignment";
			productReference = 78B5F91B2CC19D1E0002B682 /* Json Assignment.app */;
			productType = "com.apple.product-type.application";
		};
		78B5F92B2CC19D1F0002B682 /* Json AssignmentTests */ = {
			isa = PBXNativeTarget;
			buildConfigurationList = 78B5F9432CC19D1F0002B682 /* Build configuration list for PBXNativeTarget "Json AssignmentTests" */;
			buildPhases = (
				78B5F9282CC19D1F0002B682 /* Sources */,
				78B5F9292CC19D1F0002B682 /* Frameworks */,
				78B5F92A2CC19D1F0002B682 /* Resources */,
			);
			buildRules = (
			);
			dependencies = (
				78B5F92E2CC19D1F0002B682 /* PBXTargetDependency */,
			);
			fileSystemSynchronizedGroups = (
				78B5F92F2CC19D1F0002B682 /* Json AssignmentTests */,
			);
			name = "Json AssignmentTests";
			packageProductDependencies = (
			);
			productName = "Json AssignmentTests";
			productReference = 78B5F92C2CC19D1F0002B682 /* Json AssignmentTests.xctest */;
			productType = "com.apple.product-type.bundle.unit-test";
		};
		78B5F9352CC19D1F0002B682 /* Json AssignmentUITests */ = {
			isa = PBXNativeTarget;
			buildConfigurationList = 78B5F9462CC19D1F0002B682 /* Build configuration list for PBXNativeTarget "Json AssignmentUITests" */;
			buildPhases = (
				78B5F9322CC19D1F0002B682 /* Sources */,
				78B5F9332CC19D1F0002B682 /* Frameworks */,
				78B5F9342CC19D1F0002B682 /* Resources */,
			);
			buildRules = (
			);
			dependencies = (
				78B5F9382CC19D1F0002B682 /* PBXTargetDependency */,
			);
			fileSystemSynchronizedGroups = (
				78B5F9392CC19D1F0002B682 /* Json AssignmentUITests */,
			);
			name = "Json AssignmentUITests";
			packageProductDependencies = (
			);
			productName = "Json AssignmentUITests";
			productReference = 78B5F9362CC19D1F0002B682 /* Json AssignmentUITests.xctest */;
			productType = "com.apple.product-type.bundle.ui-testing";
		};
/* End PBXNativeTarget section */

/* Begin PBXProject section */
		78B5F9132CC19D1E0002B682 /* Project object */ = {
			isa = PBXProject;
			attributes = {
				BuildIndependentTargetsInParallel = 1;
				LastSwiftUpdateCheck = 1600;
				LastUpgradeCheck = 1600;
				TargetAttributes = {
					78B5F91A2CC19D1E0002B682 = {
						CreatedOnToolsVersion = 16.0;
					};
					78B5F92B2CC19D1F0002B682 = {
						CreatedOnToolsVersion = 16.0;
						TestTargetID = 78B5F91A2CC19D1E0002B682;
					};
					78B5F9352CC19D1F0002B682 = {
						CreatedOnToolsVersion = 16.0;
						TestTargetID = 78B5F91A2CC19D1E0002B682;
					};
				};
			};
			buildConfigurationList = 78B5F9162CC19D1E0002B682 /* Build configuration list for PBXProject "Json Assignment" */;
			developmentRegion = en;
			hasScannedForEncodings = 0;
			knownRegions = (
				en,
				Base,
			);
			mainGroup = 78B5F9122CC19D1E0002B682;
			minimizedProjectReferenceProxies = 1;
			preferredProjectObjectVersion = 77;
			productRefGroup = 78B5F91C2CC19D1E0002B682 /* Products */;
			projectDirPath = "";
			projectRoot = "";
			targets = (
				78B5F91A2CC19D1E0002B682 /* Json Assignment */,
				78B5F92B2CC19D1F0002B682 /* Json AssignmentTests */,
				78B5F9352CC19D1F0002B682 /* Json AssignmentUITests */,
			);
		};
/* End PBXProject section */

/* Begin PBXResourcesBuildPhase section */
		78B5F9192CC19D1E0002B682 /* Resources */ = {
			isa = PBXResourcesBuildPhase;
			buildActionMask = 2147483647;
			files = (
			);
			runOnlyForDeploymentPostprocessing = 0;
		};
		78B5F92A2CC19D1F0002B682 /* Resources */ = {
			isa = PBXResourcesBuildPhase;
			buildActionMask = 2147483647;
			files = (
			);
			runOnlyForDeploymentPostprocessing = 0;
		};
		78B5F9342CC19D1F0002B682 /* Resources */ = {
			isa = PBXResourcesBuildPhase;
			buildActionMask = 2147483647;
			files = (
			);
			runOnlyForDeploymentPostprocessing = 0;
		};
/* End PBXResourcesBuildPhase section */

/* Begin PBXSourcesBuildPhase section */
		78B5F9172CC19D1E0002B682 /* Sources */ = {
			isa = PBXSourcesBuildPhase;
			buildActionMask = 2147483647;
			files = (
			);
			runOnlyForDeploymentPostprocessing = 0;
		};
		78B5F9282CC19D1F0002B682 /* Sources */ = {
			isa = PBXSourcesBuildPhase;
			buildActionMask = 2147483647;
			files = (
			);
			runOnlyForDeploymentPostprocessing = 0;
		};
		78B5F9322CC19D1F0002B682 /* Sources */ = {
			isa = PBXSourcesBuildPhase;
			buildActionMask = 2147483647;
			files = (
			);
			runOnlyForDeploymentPostprocessing = 0;
		};
/* End PBXSourcesBuildPhase section */

/* Begin PBXTargetDependency section */
		78B5F92E2CC19D1F0002B682 /* PBXTargetDependency */ = {
			isa = PBXTargetDependency;
			target = 78B5F91A2CC19D1E0002B682 /* Json Assignment */;
			targetProxy = 78B5F92D2CC19D1F0002B682 /* PBXContainerItemProxy */;
		};
		78B5F9382CC19D1F0002B682 /* PBXTargetDependency */ = {
			isa = PBXTargetDependency;
			target = 78B5F91A2CC19D1E0002B682 /* Json Assignment */;
			targetProxy = 78B5F9372CC19D1F0002B682 /* PBXContainerItemProxy */;
		};
/* End PBXTargetDependency section */

/* Begin XCBuildConfiguration section */
		78B5F93E2CC19D1F0002B682 /* Debug */ = {
			isa = XCBuildConfiguration;
			buildSettings = {
				ALWAYS_SEARCH_USER_PATHS = NO;
				ASSETCATALOG_COMPILER_GENERATE_SWIFT_ASSET_SYMBOL_EXTENSIONS = YES;
				CLANG_ANALYZER_NONNULL = YES;
				CLANG_ANALYZER_NUMBER_OBJECT_CONVERSION = YES_AGGRESSIVE;
				CLANG_CXX_LANGUAGE_STANDARD = "gnu++20";
				CLANG_ENABLE_MODULES = YES;
				CLANG_ENABLE_OBJC_ARC = YES;
				CLANG_ENABLE_OBJC_WEAK = YES;
				CLANG_WARN_BLOCK_CAPTURE_AUTORELEASING = YES;
				CLANG_WARN_BOOL_CONVERSION = YES;
				CLANG_WARN_COMMA = YES;
				CLANG_WARN_CONSTANT_CONVERSION = YES;
				CLANG_WARN_DEPRECATED_OBJC_IMPLEMENTATIONS = YES;
				CLANG_WARN_DIRECT_OBJC_ISA_USAGE = YES_ERROR;
				CLANG_WARN_DOCUMENTATION_COMMENTS = YES;
				CLANG_WARN_EMPTY_BODY = YES;
				CLANG_WARN_ENUM_CONVERSION = YES;
				CLANG_WARN_INFINITE_RECURSION = YES;
				CLANG_WARN_INT_CONVERSION = YES;
				CLANG_WARN_NON_LITERAL_NULL_CONVERSION = YES;
				CLANG_WARN_OBJC_IMPLICIT_RETAIN_SELF = YES;
				CLANG_WARN_OBJC_LITERAL_CONVERSION = YES;
				CLANG_WARN_OBJC_ROOT_CLASS = YES_ERROR;
				CLANG_WARN_QUOTED_INCLUDE_IN_FRAMEWORK_HEADER = YES;
				CLANG_WARN_RANGE_LOOP_ANALYSIS = YES;
				CLANG_WARN_STRICT_PROTOTYPES = YES;
				CLANG_WARN_SUSPICIOUS_MOVE = YES;
				CLANG_WARN_UNGUARDED_AVAILABILITY = YES_AGGRESSIVE;
				CLANG_WARN_UNREACHABLE_CODE = YES;
				CLANG_WARN__DUPLICATE_METHOD_MATCH = YES;
				COPY_PHASE_STRIP = NO;
				DEBUG_INFORMATION_FORMAT = dwarf;
				ENABLE_STRICT_OBJC_MSGSEND = YES;
				ENABLE_TESTABILITY = YES;
				ENABLE_USER_SCRIPT_SANDBOXING = YES;
				GCC_C_LANGUAGE_STANDARD = gnu17;
				GCC_DYNAMIC_NO_PIC = NO;
				GCC_NO_COMMON_BLOCKS = YES;
				GCC_OPTIMIZATION_LEVEL = 0;
				GCC_PREPROCESSOR_DEFINITIONS = (
					"DEBUG=1",
					"$(inherited)",
				);
				GCC_WARN_64_TO_32_BIT_CONVERSION = YES;
				GCC_WARN_ABOUT_RETURN_TYPE = YES_ERROR;
				GCC_WARN_UNDECLARED_SELECTOR = YES;
				GCC_WARN_UNINITIALIZED_AUTOS = YES_AGGRESSIVE;
				GCC_WARN_UNUSED_FUNCTION = YES;
				GCC_WARN_UNUSED_VARIABLE = YES;
				LOCALIZATION_PREFERS_STRING_CATALOGS = YES;
				MACOSX_DEPLOYMENT_TARGET = 14.6;
				MTL_ENABLE_DEBUG_INFO = INCLUDE_SOURCE;
				MTL_FAST_MATH = YES;
				ONLY_ACTIVE_ARCH = YES;
				SDKROOT = macosx;
				SWIFT_ACTIVE_COMPILATION_CONDITIONS = "DEBUG $(inherited)";
				SWIFT_OPTIMIZATION_LEVEL = "-Onone";
			};
			name = Debug;
		};
		78B5F93F2CC19D1F0002B682 /* Release */ = {
			isa = XCBuildConfiguration;
			buildSettings = {
				ALWAYS_SEARCH_USER_PATHS = NO;
				ASSETCATALOG_COMPILER_GENERATE_SWIFT_ASSET_SYMBOL_EXTENSIONS = YES;
				CLANG_ANALYZER_NONNULL = YES;
				CLANG_ANALYZER_NUMBER_OBJECT_CONVERSION = YES_AGGRESSIVE;
				CLANG_CXX_LANGUAGE_STANDARD = "gnu++20";
				CLANG_ENABLE_MODULES = YES;
				CLANG_ENABLE_OBJC_ARC = YES;
				CLANG_ENABLE_OBJC_WEAK = YES;
				CLANG_WARN_BLOCK_CAPTURE_AUTORELEASING = YES;
				CLANG_WARN_BOOL_CONVERSION = YES;
				CLANG_WARN_COMMA = YES;
				CLANG_WARN_CONSTANT_CONVERSION = YES;
				CLANG_WARN_DEPRECATED_OBJC_IMPLEMENTATIONS = YES;
				CLANG_WARN_DIRECT_OBJC_ISA_USAGE = YES_ERROR;
				CLANG_WARN_DOCUMENTATION_COMMENTS = YES;
				CLANG_WARN_EMPTY_BODY = YES;
				CLANG_WARN_ENUM_CONVERSION = YES;
				CLANG_WARN_INFINITE_RECURSION = YES;
				CLANG_WARN_INT_CONVERSION = YES;
				CLANG_WARN_NON_LITERAL_NULL_CONVERSION = YES;
				CLANG_WARN_OBJC_IMPLICIT_RETAIN_SELF = YES;
				CLANG_WARN_OBJC_LITERAL_CONVERSION = YES;
				CLANG_WARN_OBJC_ROOT_CLASS = YES_ERROR;
				CLANG_WARN_QUOTED_INCLUDE_IN_FRAMEWORK_HEADER = YES;
				CLANG_WARN_RANGE_LOOP_ANALYSIS = YES;
				CLANG_WARN_STRICT_PROTOTYPES = YES;
				CLANG_WARN_SUSPICIOUS_MOVE = YES;
				CLANG_WARN_UNGUARDED_AVAILABILITY = YES_AGGRESSIVE;
				CLANG_WARN_UNREACHABLE_CODE = YES;
				CLANG_WARN__DUPLICATE_METHOD_MATCH = YES;
				COPY_PHASE_STRIP = NO;
				DEBUG_INFORMATION_FORMAT = "dwarf-with-dsym";
				ENABLE_NS_ASSERTIONS = NO;
				ENABLE_STRICT_OBJC_MSGSEND = YES;
				ENABLE_USER_SCRIPT_SANDBOXING = YES;
				GCC_C_LANGUAGE_STANDARD = gnu17;
				GCC_NO_COMMON_BLOCKS = YES;
				GCC_WARN_64_TO_32_BIT_CONVERSION = YES;
				GCC_WARN_ABOUT_RETURN_TYPE = YES_ERROR;
				GCC_WARN_UNDECLARED_SELECTOR = YES;
				GCC_WARN_UNINITIALIZED_AUTOS = YES_AGGRESSIVE;
				GCC_WARN_UNUSED_FUNCTION = YES;
				GCC_WARN_UNUSED_VARIABLE = YES;
				LOCALIZATION_PREFERS_STRING_CATALOGS = YES;
				MACOSX_DEPLOYMENT_TARGET = 14.6;
				MTL_ENABLE_DEBUG_INFO = NO;
				MTL_FAST_MATH = YES;
				SDKROOT = macosx;
				SWIFT_COMPILATION_MODE = wholemodule;
			};
			name = Release;
		};
		78B5F9412CC19D1F0002B682 /* Debug */ = {
			isa = XCBuildConfiguration;
			buildSettings = {
				ASSETCATALOG_COMPILER_APPICON_NAME = AppIcon;
				ASSETCATALOG_COMPILER_GLOBAL_ACCENT_COLOR_NAME = AccentColor;
				CODE_SIGN_ENTITLEMENTS = "Json Assignment/Json_Assignment.entitlements";
				CODE_SIGN_STYLE = Automatic;
				COMBINE_HIDPI_IMAGES = YES;
				CURRENT_PROJECT_VERSION = 1;
				DEVELOPMENT_ASSET_PATHS = "\"Json Assignment/Preview Content\"";
				ENABLE_PREVIEWS = YES;
				GENERATE_INFOPLIST_FILE = YES;
				INFOPLIST_KEY_NSHumanReadableCopyright = "";
				LD_RUNPATH_SEARCH_PATHS = (
					"$(inherited)",
					"@executable_path/../Frameworks",
				);
				MARKETING_VERSION = 1.0;
				PRODUCT_BUNDLE_IDENTIFIER = "asu.Json-Assignment";
				PRODUCT_NAME = "$(TARGET_NAME)";
				SWIFT_EMIT_LOC_STRINGS = YES;
				SWIFT_VERSION = 5.0;
			};
			name = Debug;
		};
		78B5F9422CC19D1F0002B682 /* Release */ = {
			isa = XCBuildConfiguration;
			buildSettings = {
				ASSETCATALOG_COMPILER_APPICON_NAME = AppIcon;
				ASSETCATALOG_COMPILER_GLOBAL_ACCENT_COLOR_NAME = AccentColor;
				CODE_SIGN_ENTITLEMENTS = "Json Assignment/Json_Assignment.entitlements";
				CODE_SIGN_STYLE = Automatic;
				COMBINE_HIDPI_IMAGES = YES;
				CURRENT_PROJECT_VERSION = 1;
				DEVELOPMENT_ASSET_PATHS = "\"Json Assignment/Preview Content\"";
				ENABLE_PREVIEWS = YES;
				GENERATE_INFOPLIST_FILE = YES;
				INFOPLIST_KEY_NSHumanReadableCopyright = "";
				LD_RUNPATH_SEARCH_PATHS = (
					"$(inherited)",
					"@executable_path/../Frameworks",
				);
				MARKETING_VERSION = 1.0;
				PRODUCT_BUNDLE_IDENTIFIER = "asu.Json-Assignment";
				PRODUCT_NAME = "$(TARGET_NAME)";
				SWIFT_EMIT_LOC_STRINGS = YES;
				SWIFT_VERSION = 5.0;
			};
			name = Release;
		};
		78B5F9442CC19D1F0002B682 /* Debug */ = {
			isa = XCBuildConfiguration;
			buildSettings = {
				BUNDLE_LOADER = "$(TEST_HOST)";
				CODE_SIGN_STYLE = Automatic;
				CURRENT_PROJECT_VERSION = 1;
				GENERATE_INFOPLIST_FILE = YES;
				MACOSX_DEPLOYMENT_TARGET = 14.6;
				MARKETING_VERSION = 1.0;
				PRODUCT_BUNDLE_IDENTIFIER = "asu.Json-AssignmentTests";
				PRODUCT_NAME = "$(TARGET_NAME)";
				SWIFT_EMIT_LOC_STRINGS = NO;
				SWIFT_VERSION = 5.0;
				TEST_HOST = "$(BUILT_PRODUCTS_DIR)/Json Assignment.app/$(BUNDLE_EXECUTABLE_FOLDER_PATH)/Json Assignment";
			};
			name = Debug;
		};
		78B5F9452CC19D1F0002B682 /* Release */ = {
			isa = XCBuildConfiguration;
			buildSettings = {
				BUNDLE_LOADER = "$(TEST_HOST)";
				CODE_SIGN_STYLE = Automatic;
				CURRENT_PROJECT_VERSION = 1;
				GENERATE_INFOPLIST_FILE = YES;
				MACOSX_DEPLOYMENT_TARGET = 14.6;
				MARKETING_VERSION = 1.0;
				PRODUCT_BUNDLE_IDENTIFIER = "asu.Json-AssignmentTests";
				PRODUCT_NAME = "$(TARGET_NAME)";
				SWIFT_EMIT_LOC_STRINGS = NO;
				SWIFT_VERSION = 5.0;
				TEST_HOST = "$(BUILT_PRODUCTS_DIR)/Json Assignment.app/$(BUNDLE_EXECUTABLE_FOLDER_PATH)/Json Assignment";
			};
			name = Release;
		};
		78B5F9472CC19D1F0002B682 /* Debug */ = {
			isa = XCBuildConfiguration;
			buildSettings = {
				CODE_SIGN_STYLE = Automatic;
				CURRENT_PROJECT_VERSION = 1;
				GENERATE_INFOPLIST_FILE = YES;
				MARKETING_VERSION = 1.0;
				PRODUCT_BUNDLE_IDENTIFIER = "asu.Json-AssignmentUITests";
				PRODUCT_NAME = "$(TARGET_NAME)";
				SWIFT_EMIT_LOC_STRINGS = NO;
				SWIFT_VERSION = 5.0;
				TEST_TARGET_NAME = "Json Assignment";
			};
			name = Debug;
		};
		78B5F9482CC19D1F0002B682 /* Release */ = {
			isa = XCBuildConfiguration;
			buildSettings = {
				CODE_SIGN_STYLE = Automatic;
				CURRENT_PROJECT_VERSION = 1;
				GENERATE_INFOPLIST_FILE = YES;
				MARKETING_VERSION = 1.0;
				PRODUCT_BUNDLE_IDENTIFIER = "asu.Json-AssignmentUITests";
				PRODUCT_NAME = "$(TARGET_NAME)";
				SWIFT_EMIT_LOC_STRINGS = NO;
				SWIFT_VERSION = 5.0;
				TEST_TARGET_NAME = "Json Assignment";
			};
			name = Release;
		};
/* End XCBuildConfiguration section */

/* Begin XCConfigurationList section */
		78B5F9162CC19D1E0002B682 /* Build configuration list for PBXProject "Json Assignment" */ = {
			isa = XCConfigurationList;
			buildConfigurations = (
				78B5F93E2CC19D1F0002B682 /* Debug */,
				78B5F93F2CC19D1F0002B682 /* Release */,
			);
			defaultConfigurationIsVisible = 0;
			defaultConfigurationName = Release;
		};
		78B5F9402CC19D1F0002B682 /* Build configuration list for PBXNativeTarget "Json Assignment" */ = {
			isa = XCConfigurationList;
			buildConfigurations = (
				78B5F9412CC19D1F0002B682 /* Debug */,
				78B5F9422CC19D1F0002B682 /* Release */,
			);
			defaultConfigurationIsVisible = 0;
			defaultConfigurationName = Release;
		};
		78B5F9432CC19D1F0002B682 /* Build configuration list for PBXNativeTarget "Json AssignmentTests" */ = {
			isa = XCConfigurationList;
			buildConfigurations = (
				78B5F9442CC19D1F0002B682 /* Debug */,
				78B5F9452CC19D1F0002B682 /* Release */,
			);
			defaultConfigurationIsVisible = 0;
			defaultConfigurationName = Release;
		};
		78B5F9462CC19D1F0002B682 /* Build configuration list for PBXNativeTarget "Json AssignmentUITests" */ = {
			isa = XCConfigurationList;
			buildConfigurations = (
				78B5F9472CC19D1F0002B682 /* Debug */,
				78B5F9482CC19D1F0002B682 /* Release */,
			);
			defaultConfigurationIsVisible = 0;
			defaultConfigurationName = Release;
		};
/* End XCConfigurationList section */
	};
	rootObject = 78B5F9132CC19D1E0002B682 /* Project object */;
}
